
Microsoft Visual Studio Solution File, Format Version 12.00
# Visual Studio 2012
# Clarion 2.1.0.2447
Project("{12B76EC0-1D7B-4FA7-A7D0-C524288B48A1}") = "TimerHarness", "TimerHarness.cwproj", "{C3D4E5F6-3333-4C88-9D33-5A6B4C8F1E46}"
EndProject
Global
	GlobalSection(SolutionConfigurationPlatforms) = preSolution
		Debug|Win32 = Debug|Win32
		Release|Win32 = Release|Win32
	EndGlobalSection
	GlobalSection(ProjectConfigurationPlatforms) = postSolution
		{C3D4E5F6-3333-4C88-9D33-5A6B4C8F1E46}.Debug|Win32.Build.0 = Debug|Win32
		{C3D4E5F6-3333-4C88-9D33-5A6B4C8F1E46}.Debug|Win32.ActiveCfg = Debug|Win32
		{C3D4E5F6-3333-4C88-9D33-5A6B4C8F1E46}.Release|Win32.Build.0 = Release|Win32
		{C3D4E5F6-3333-4C88-9D33-5A6B4C8F1E46}.Release|Win32.ActiveCfg = Release|Win32
	EndGlobalSection
EndGlobal
